{
  "name": "BookPrinter",
  "lockfileVersion": 2,
  "requires": true,
  "packages": {
    "": {
      "dependencies": {
        "date-str-timestamp": "^1.0.2",
        "smltime": "^3.3.0",
        "stoic-quotes": "^1.1.0"
      }
    },
    "node_modules/date-str-timestamp": {
      "version": "1.0.2",
      "resolved": "https://registry.npmmirror.com/date-str-timestamp/-/date-str-timestamp-1.0.2.tgz",
      "integrity": "sha512-A0/4DePBnuGsKoVNePyvy1kJesC16R7vLoaKQsvwARirtojxSQzNYkd7yhFoOiSpZ7V8QJFVuEdjDQSp+g4Cmg=="
    },
    "node_modules/smltime": {
      "version": "3.3.0",
      "resolved": "https://registry.npmmirror.com/smltime/-/smltime-3.3.0.tgz",
      "integrity": "sha512-cui/bYlOCZdVKsVLv6pyGERTz2IBxKZERGaYRL8o4NXCxlSfLdxfqmSbfzwqQpPGQJkwZynV43pf9DIjNUbziw=="
    },
    "node_modules/stoic-quotes": {
      "version": "1.1.0",
      "resolved": "https://registry.npmmirror.com/stoic-quotes/-/stoic-quotes-1.1.0.tgz",
      "integrity": "sha512-0bjR7A+YeRfeTLXEluDAGl0hIynD0PBcRLaJXgY/Z0T2aFEcU0Ba2ffelZOr+rzhmqpalHu0JPNzl4qOjcJm/g=="
    }
  },
  "dependencies": {
    "date-str-timestamp": {
      "version": "1.0.2",
      "resolved": "https://registry.npmmirror.com/date-str-timestamp/-/date-str-timestamp-1.0.2.tgz",
      "integrity": "sha512-A0/4DePBnuGsKoVNePyvy1kJesC16R7vLoaKQsvwARirtojxSQzNYkd7yhFoOiSpZ7V8QJFVuEdjDQSp+g4Cmg=="
    },
    "smltime": {
      "version": "3.3.0",
      "resolved": "https://registry.npmmirror.com/smltime/-/smltime-3.3.0.tgz",
      "integrity": "sha512-cui/bYlOCZdVKsVLv6pyGERTz2IBxKZERGaYRL8o4NXCxlSfLdxfqmSbfzwqQpPGQJkwZynV43pf9DIjNUbziw=="
    },
    "stoic-quotes": {
      "version": "1.1.0",
      "resolved": "https://registry.npmmirror.com/stoic-quotes/-/stoic-quotes-1.1.0.tgz",
      "integrity": "sha512-0bjR7A+YeRfeTLXEluDAGl0hIynD0PBcRLaJXgY/Z0T2aFEcU0Ba2ffelZOr+rzhmqpalHu0JPNzl4qOjcJm/g=="
    }
  }
}
