{
  "name": "BookPrinter",
  "lockfileVersion": 2,
  "requires": true,
  "packages": {
    "": {
      "dependencies": {
        "stoic-quotes": "^1.1.0",
        "time-stamp": "^2.2.0"
      }
    },
    "node_modules/stoic-quotes": {
      "version": "1.1.0",
      "resolved": "https://registry.npmmirror.com/stoic-quotes/-/stoic-quotes-1.1.0.tgz",
      "integrity": "sha512-0bjR7A+YeRfeTLXEluDAGl0hIynD0PBcRLaJXgY/Z0T2aFEcU0Ba2ffelZOr+rzhmqpalHu0JPNzl4qOjcJm/g=="
    },
    "node_modules/time-stamp": {
      "version": "2.2.0",
      "resolved": "https://registry.npmmirror.com/time-stamp/-/time-stamp-2.2.0.tgz",
      "integrity": "sha512-zxke8goJQpBeEgD82CXABeMh0LSJcj7CXEd0OHOg45HgcofF7pxNwZm9+RknpxpDhwN4gFpySkApKfFYfRQnUA==",
      "engines": {
        "node": ">=0.10.0"
      }
    }
  },
  "dependencies": {
    "stoic-quotes": {
      "version": "1.1.0",
      "resolved": "https://registry.npmmirror.com/stoic-quotes/-/stoic-quotes-1.1.0.tgz",
      "integrity": "sha512-0bjR7A+YeRfeTLXEluDAGl0hIynD0PBcRLaJXgY/Z0T2aFEcU0Ba2ffelZOr+rzhmqpalHu0JPNzl4qOjcJm/g=="
    },
    "time-stamp": {
      "version": "2.2.0",
      "resolved": "https://registry.npmmirror.com/time-stamp/-/time-stamp-2.2.0.tgz",
      "integrity": "sha512-zxke8goJQpBeEgD82CXABeMh0LSJcj7CXEd0OHOg45HgcofF7pxNwZm9+RknpxpDhwN4gFpySkApKfFYfRQnUA=="
    }
  }
}
