{
  "name": "BookPrinter",
  "lockfileVersion": 2,
  "requires": true,
  "packages": {
    "": {
      "dependencies": {
        "stoic-quotes": "^1.1.0",
        "wx-watch": "^0.0.6"
      }
    },
    "node_modules/stoic-quotes": {
      "version": "1.1.0",
      "resolved": "https://registry.npmmirror.com/stoic-quotes/-/stoic-quotes-1.1.0.tgz",
      "integrity": "sha512-0bjR7A+YeRfeTLXEluDAGl0hIynD0PBcRLaJXgY/Z0T2aFEcU0Ba2ffelZOr+rzhmqpalHu0JPNzl4qOjcJm/g=="
    },
    "node_modules/wx-watch": {
      "version": "0.0.6",
      "resolved": "https://registry.npmmirror.com/wx-watch/-/wx-watch-0.0.6.tgz",
      "integrity": "sha512-pQtTtAgiaLY0lOZSQbIbIklGdasxRyMlzRfFunV5bbWKyDEQuZwM5v/HLCNsdgcVcZF4xwel7ENb1R2jHA1Ppg=="
    }
  },
  "dependencies": {
    "stoic-quotes": {
      "version": "1.1.0",
      "resolved": "https://registry.npmmirror.com/stoic-quotes/-/stoic-quotes-1.1.0.tgz",
      "integrity": "sha512-0bjR7A+YeRfeTLXEluDAGl0hIynD0PBcRLaJXgY/Z0T2aFEcU0Ba2ffelZOr+rzhmqpalHu0JPNzl4qOjcJm/g=="
    },
    "wx-watch": {
      "version": "0.0.6",
      "resolved": "https://registry.npmmirror.com/wx-watch/-/wx-watch-0.0.6.tgz",
      "integrity": "sha512-pQtTtAgiaLY0lOZSQbIbIklGdasxRyMlzRfFunV5bbWKyDEQuZwM5v/HLCNsdgcVcZF4xwel7ENb1R2jHA1Ppg=="
    }
  }
}
